{
    "_meta": {
        "hash": {
            "sha256": "5ea356de5cb38e8b06481765c906bdd202f04eafabecb4b0812a5d3237ab489e"
        },
        "pipfile-spec": 6,
        "requires": {
            "python_version": "3.11"
        },
        "sources": [
            {
                "name": "pypi",
                "url": "https://pypi.org/simple",
                "verify_ssl": true
            }
        ]
    },
    "default": {
        "astropy": {
            "hashes": [
                "sha256:012e4331535dae6f43ddf86295b05e711e1ff6dec7af9d77a887ef08e6cef60d",
                "sha256:02259457097a3bad3e50975d67bd7586753b2a69d680f071be5c8da439e0f2c4",
                "sha256:062f9dc6549884699c551310a21434ff650c9a1cb6c0eea9476ead456f8a8500",
                "sha256:0785533096b5682148ab79b077ab0e17f254be17c9fa12cb7789b8109044fe95",
                "sha256:0ae8960fe690f62672afff723d5e7d25ccd054c941c3ded96471d4d62563864e",
                "sha256:11c680207674a53afd603addf5640809bb670f72e9f9a6f023b862040ba7e100",
                "sha256:1692857a3f21cecadefe89e4371e9c5a2d03e80173f4bb01dcbe3e3213ad1303",
                "sha256:1e930aa618a1df80ecc38ecc594ca1e7508909c79c4b1145e9e91e8695fd163c",
                "sha256:2245f23020db2382f187a880dd903f1d4747cbdce6af8f299bc6d4f256b382bf",
                "sha256:392feeb443b2437cd4c2e0641a65e0f15ba791e148e9b1e5ed7de7dfcb38e460",
                "sha256:43c6dac6454e1056649268e79c3f595ecf079ad762936c6ce5c738ee1cff53de",
                "sha256:5949792533238a601597574ac85599f0fab2db2480e0121c58121d808626698f",
                "sha256:5b4831c5b8a8e6c62afc095d9f65e6c023f058821c1fcc829adc2d941090cd2a",
                "sha256:71bb61871859635653e0530ca152c379882473ff4aabf2484a848ead94efe248",
                "sha256:8ffb20105eeec84f6bd8bbde4a86686a8f78424c3c46b6021fbf816e40dd8960",
                "sha256:91bec2ac62f759300279fd98f3baf2fe33082729045d80c231948d6df0cceacc",
                "sha256:9cd02ef44007e0d6f27f0136410253a64b1ae56a2333c7071fd775c6feea8e12",
                "sha256:a367d334b789934b975565be470eb1043b3419508bd8e15a882775925e30d2ce",
                "sha256:b075f4b8034a3e40d417c079232f1adb613a40e3b8d7cebdb05278666bfeb3ca",
                "sha256:b16c5e3cd30ecedc79401a931eaeae3b9f2fc17f19ea26693c6c424cda74bd0e",
                "sha256:b458e4ac2466cb8bfeb0a9ed1fa7e96a9955d03902c1e5ce4ec8881bdfefaf4a",
                "sha256:ba9c09cb1ba9c126b40cbbbe9273b4e6f2b0403d268f64a15ed976f77754372b"
            ],
            "index": "pypi",
            "markers": "python_version >= '3.11'",
            "version": "==7.0.1"
        },
        "astropy-iers-data": {
            "hashes": [
                "sha256:22ce2349ee288b09cb4cc13a6e015a3c8d4ace66ed2eae49b42119d943f6d5e8",
                "sha256:5c8762ec79dbc67e220d8b1cdf15e1d94a954f57750a5682023f385d41732f66"
            ],
            "markers": "python_version >= '3.8'",
            "version": "==0.2025.3.3.0.34.45"
        },
        "certifi": {
            "hashes": [
                "sha256:3d5da6925056f6f18f119200434a4780a94263f10d1c21d032a6f6b2baa20651",
                "sha256:ca78db4565a652026a4db2bcdf68f2fb589ea80d0be70e03929ed730746b84fe"
            ],
            "markers": "python_version >= '3.6'",
            "version": "==2025.1.31"
        },
        "jplephem": {
            "hashes": [
                "sha256:0d9acc7217b4806feba93e72974ceead5611104bce6789af38d4f27dcf7a592c",
                "sha256:efe4b3590f3eef1a5dfcf7078e8e93803f8ce3276c3306e93bfd20b3536b2c60"
            ],
            "version": "==2.22"
        },
        "numpy": {
            "hashes": [
                "sha256:0391ea3622f5c51a2e29708877d56e3d276827ac5447d7f45e9bc4ade8923c52",
                "sha256:12c045f43b1d2915eca6b880a7f4a256f59d62df4f044788c8ba67709412128d",
                "sha256:136553f123ee2951bfcfbc264acd34a2fc2f29d7cdf610ce7daf672b6fbaa693",
                "sha256:1402da8e0f435991983d0a9708b779f95a8c98c6b18a171b9f1be09005e64d9d",
                "sha256:16372619ee728ed67a2a606a614f56d3eabc5b86f8b615c79d01957062826ca8",
                "sha256:1ad78ce7f18ce4e7df1b2ea4019b5817a2f6a8a16e34ff2775f646adce0a5027",
                "sha256:1b416af7d0ed3271cad0f0a0d0bee0911ed7eba23e66f8424d9f3dfcdcae1304",
                "sha256:1f45315b2dc58d8a3e7754fe4e38b6fce132dab284a92851e41b2b344f6441c5",
                "sha256:2376e317111daa0a6739e50f7ee2a6353f768489102308b0d98fcf4a04f7f3b5",
                "sha256:23c9f4edbf4c065fddb10a4f6e8b6a244342d95966a48820c614891e5059bb50",
                "sha256:246535e2f7496b7ac85deffe932896a3577be7af8fb7eebe7146444680297e9a",
                "sha256:2e8da03bd561504d9b20e7a12340870dfc206c64ea59b4cfee9fceb95070ee94",
                "sha256:34c1b7e83f94f3b564b35f480f5652a47007dd91f7c839f404d03279cc8dd021",
                "sha256:39261798d208c3095ae4f7bc8eaeb3481ea8c6e03dc48028057d3cbdbdb8937e",
                "sha256:3b787adbf04b0db1967798dba8da1af07e387908ed1553a0d6e74c084d1ceafe",
                "sha256:3c2ec8a0f51d60f1e9c0c5ab116b7fc104b165ada3f6c58abf881cb2eb16044d",
                "sha256:435e7a933b9fda8126130b046975a968cc2d833b505475e588339e09f7672890",
                "sha256:4d8335b5f1b6e2bce120d55fb17064b0262ff29b459e8493d1785c18ae2553b8",
                "sha256:4d9828d25fb246bedd31e04c9e75714a4087211ac348cb39c8c5f99dbb6683fe",
                "sha256:52659ad2534427dffcc36aac76bebdd02b67e3b7a619ac67543bc9bfe6b7cdb1",
                "sha256:5266de33d4c3420973cf9ae3b98b54a2a6d53a559310e3236c4b2b06b9c07d4e",
                "sha256:5521a06a3148686d9269c53b09f7d399a5725c47bbb5b35747e1cb76326b714b",
                "sha256:596140185c7fa113563c67c2e894eabe0daea18cf8e33851738c19f70ce86aeb",
                "sha256:5b732c8beef1d7bc2d9e476dbba20aaff6167bf205ad9aa8d30913859e82884b",
                "sha256:5ebeb7ef54a7be11044c33a17b2624abe4307a75893c001a4800857956b41094",
                "sha256:712a64103d97c404e87d4d7c47fb0c7ff9acccc625ca2002848e0d53288b90ea",
                "sha256:7678556eeb0152cbd1522b684dcd215250885993dd00adb93679ec3c0e6e091c",
                "sha256:77974aba6c1bc26e3c205c2214f0d5b4305bdc719268b93e768ddb17e3fdd636",
                "sha256:783145835458e60fa97afac25d511d00a1eca94d4a8f3ace9fe2043003c678e4",
                "sha256:7bfdb06b395385ea9b91bf55c1adf1b297c9fdb531552845ff1d3ea6e40d5aba",
                "sha256:7c8dde0ca2f77828815fd1aedfdf52e59071a5bae30dac3b4da2a335c672149a",
                "sha256:83807d445817326b4bcdaaaf8e8e9f1753da04341eceec705c001ff342002e5d",
                "sha256:87eed225fd415bbae787f93a457af7f5990b92a334e346f72070bf569b9c9c95",
                "sha256:8fb62fe3d206d72fe1cfe31c4a1106ad2b136fcc1606093aeab314f02930fdf2",
                "sha256:95172a21038c9b423e68be78fd0be6e1b97674cde269b76fe269a5dfa6fadf0b",
                "sha256:9f48ba6f6c13e5e49f3d3efb1b51c8193215c42ac82610a04624906a9270be6f",
                "sha256:a0c03b6be48aaf92525cccf393265e02773be8fd9551a2f9adbe7db1fa2b60f1",
                "sha256:a5ae282abe60a2db0fd407072aff4599c279bcd6e9a2475500fc35b00a57c532",
                "sha256:aee2512827ceb6d7f517c8b85aa5d3923afe8fc7a57d028cffcd522f1c6fd082",
                "sha256:c8b0451d2ec95010d1db8ca733afc41f659f425b7f608af569711097fd6014e2",
                "sha256:c9aa4496fd0e17e3843399f533d62857cef5900facf93e735ef65aa4bbc90ef0",
                "sha256:cbc6472e01952d3d1b2772b720428f8b90e2deea8344e854df22b0618e9cce71",
                "sha256:cdfe0c22692a30cd830c0755746473ae66c4a8f2e7bd508b35fb3b6a0813d787",
                "sha256:cf802eef1f0134afb81fef94020351be4fe1d6681aadf9c5e862af6602af64ef",
                "sha256:d42f9c36d06440e34226e8bd65ff065ca0963aeecada587b937011efa02cdc9d",
                "sha256:d5b47c440210c5d1d67e1cf434124e0b5c395eee1f5806fdd89b553ed1acd0a3",
                "sha256:d9b4a8148c57ecac25a16b0e11798cbe88edf5237b0df99973687dd866f05e1b",
                "sha256:daf43a3d1ea699402c5a850e5313680ac355b4adc9770cd5cfc2940e7861f1bf",
                "sha256:dbdc15f0c81611925f382dfa97b3bd0bc2c1ce19d4fe50482cb0ddc12ba30020",
                "sha256:deaa09cd492e24fd9b15296844c0ad1b3c976da7907e1c1ed3a0ad21dded6f76",
                "sha256:e37242f5324ffd9f7ba5acf96d774f9276aa62a966c0bad8dae692deebec7716",
                "sha256:ed2cf9ed4e8ebc3b754d398cba12f24359f018b416c380f577bbae112ca52fc9",
                "sha256:f2712c5179f40af9ddc8f6727f2bd910ea0eb50206daea75f58ddd9fa3f715bb",
                "sha256:f4ca91d61a4bf61b0f2228f24bbfa6a9facd5f8af03759fe2a655c50ae2c6610",
                "sha256:f6b3dfc7661f8842babd8ea07e9897fe3d9b69a1d7e5fbb743e4160f9387833b"
            ],
            "markers": "python_version >= '3.10'",
            "version": "==2.2.3"
        },
        "packaging": {
            "hashes": [
                "sha256:09abb1bccd265c01f4a3aa3f7a7db064b36514d2cba19a2f694fe6150451a759",
                "sha256:c228a6dc5e932d346bc5739379109d49e8853dd8223571c7c5b55260edc0b97f"
            ],
            "markers": "python_version >= '3.8'",
            "version": "==24.2"
        },
        "pyerfa": {
            "hashes": [
                "sha256:07b80cd70701f5d066b1ac8cce406682cfcd667a1186ec7d7ade597239a6021d",
                "sha256:0e43c7194e3242083f2350b46c09fd4bf8ba1bcc0ebd1460b98fc47fe2389906",
                "sha256:171ce9676a448a7eb555f03aa19ad5c749dbced1ce4f9923e4d93443c4a9c612",
                "sha256:17d6b24fe4846c65d5e7d8c362dcb08199dc63b30a236aedd73875cc83e1f6c0",
                "sha256:4991dee680ff36c87911d8faa4c7d1aa6278ad9b5e0d16158cf22fa7d74ba25c",
                "sha256:66292d437dcf75925b694977aa06eb697126e7b86553e620371ed3e48b5e0ad0",
                "sha256:690e258294202c86f479e78e80fd235cd27bd717f7f60062fccc3dbd6ef0b1a9",
                "sha256:b0603e8e1b839327d586c8a627cdc634b795e18b007d84f0cda5500a0908254e",
                "sha256:b282d7c60c4c47cf629c484c17ac504fcb04abd7b3f4dfcf53ee042afc3a5944",
                "sha256:be1aeb70390dd03a34faf96749d5cabc58437410b4aab7213c512323932427df",
                "sha256:d30b9b0df588ed5467e529d851ea324a67239096dd44703125072fd11b351ea2"
            ],
            "markers": "python_version >= '3.9'",
            "version": "==2.0.1.5"
        },
        "pyyaml": {
            "hashes": [
                "sha256:01179a4a8559ab5de078078f37e5c1a30d76bb88519906844fd7bdea1b7729ff",
                "sha256:0833f8694549e586547b576dcfaba4a6b55b9e96098b36cdc7ebefe667dfed48",
                "sha256:0a9a2848a5b7feac301353437eb7d5957887edbf81d56e903999a75a3d743086",
                "sha256:0b69e4ce7a131fe56b7e4d770c67429700908fc0752af059838b1cfb41960e4e",
                "sha256:0ffe8360bab4910ef1b9e87fb812d8bc0a308b0d0eef8c8f44e0254ab3b07133",
                "sha256:11d8f3dd2b9c1207dcaf2ee0bbbfd5991f571186ec9cc78427ba5bd32afae4b5",
                "sha256:17e311b6c678207928d649faa7cb0d7b4c26a0ba73d41e99c4fff6b6c3276484",
                "sha256:1e2120ef853f59c7419231f3bf4e7021f1b936f6ebd222406c3b60212205d2ee",
                "sha256:1f71ea527786de97d1a0cc0eacd1defc0985dcf6b3f17bb77dcfc8c34bec4dc5",
                "sha256:23502f431948090f597378482b4812b0caae32c22213aecf3b55325e049a6c68",
                "sha256:24471b829b3bf607e04e88d79542a9d48bb037c2267d7927a874e6c205ca7e9a",
                "sha256:29717114e51c84ddfba879543fb232a6ed60086602313ca38cce623c1d62cfbf",
                "sha256:2e99c6826ffa974fe6e27cdb5ed0021786b03fc98e5ee3c5bfe1fd5015f42b99",
                "sha256:39693e1f8320ae4f43943590b49779ffb98acb81f788220ea932a6b6c51004d8",
                "sha256:3ad2a3decf9aaba3d29c8f537ac4b243e36bef957511b4766cb0057d32b0be85",
                "sha256:3b1fdb9dc17f5a7677423d508ab4f243a726dea51fa5e70992e59a7411c89d19",
                "sha256:41e4e3953a79407c794916fa277a82531dd93aad34e29c2a514c2c0c5fe971cc",
                "sha256:43fa96a3ca0d6b1812e01ced1044a003533c47f6ee8aca31724f78e93ccc089a",
                "sha256:50187695423ffe49e2deacb8cd10510bc361faac997de9efef88badc3bb9e2d1",
                "sha256:5ac9328ec4831237bec75defaf839f7d4564be1e6b25ac710bd1a96321cc8317",
                "sha256:5d225db5a45f21e78dd9358e58a98702a0302f2659a3c6cd320564b75b86f47c",
                "sha256:6395c297d42274772abc367baaa79683958044e5d3835486c16da75d2a694631",
                "sha256:688ba32a1cffef67fd2e9398a2efebaea461578b0923624778664cc1c914db5d",
                "sha256:68ccc6023a3400877818152ad9a1033e3db8625d899c72eacb5a668902e4d652",
                "sha256:70b189594dbe54f75ab3a1acec5f1e3faa7e8cf2f1e08d9b561cb41b845f69d5",
                "sha256:797b4f722ffa07cc8d62053e4cff1486fa6dc094105d13fea7b1de7d8bf71c9e",
                "sha256:7c36280e6fb8385e520936c3cb3b8042851904eba0e58d277dca80a5cfed590b",
                "sha256:7e7401d0de89a9a855c839bc697c079a4af81cf878373abd7dc625847d25cbd8",
                "sha256:80bab7bfc629882493af4aa31a4cfa43a4c57c83813253626916b8c7ada83476",
                "sha256:82d09873e40955485746739bcb8b4586983670466c23382c19cffecbf1fd8706",
                "sha256:8388ee1976c416731879ac16da0aff3f63b286ffdd57cdeb95f3f2e085687563",
                "sha256:8824b5a04a04a047e72eea5cec3bc266db09e35de6bdfe34c9436ac5ee27d237",
                "sha256:8b9c7197f7cb2738065c481a0461e50ad02f18c78cd75775628afb4d7137fb3b",
                "sha256:9056c1ecd25795207ad294bcf39f2db3d845767be0ea6e6a34d856f006006083",
                "sha256:936d68689298c36b53b29f23c6dbb74de12b4ac12ca6cfe0e047bedceea56180",
                "sha256:9b22676e8097e9e22e36d6b7bda33190d0d400f345f23d4065d48f4ca7ae0425",
                "sha256:a4d3091415f010369ae4ed1fc6b79def9416358877534caf6a0fdd2146c87a3e",
                "sha256:a8786accb172bd8afb8be14490a16625cbc387036876ab6ba70912730faf8e1f",
                "sha256:a9f8c2e67970f13b16084e04f134610fd1d374bf477b17ec1599185cf611d725",
                "sha256:bc2fa7c6b47d6bc618dd7fb02ef6fdedb1090ec036abab80d4681424b84c1183",
                "sha256:c70c95198c015b85feafc136515252a261a84561b7b1d51e3384e0655ddf25ab",
                "sha256:cc1c1159b3d456576af7a3e4d1ba7e6924cb39de8f67111c735f6fc832082774",
                "sha256:ce826d6ef20b1bc864f0a68340c8b3287705cae2f8b4b1d932177dcc76721725",
                "sha256:d584d9ec91ad65861cc08d42e834324ef890a082e591037abe114850ff7bbc3e",
                "sha256:d7fded462629cfa4b685c5416b949ebad6cec74af5e2d42905d41e257e0869f5",
                "sha256:d84a1718ee396f54f3a086ea0a66d8e552b2ab2017ef8b420e92edbc841c352d",
                "sha256:d8e03406cac8513435335dbab54c0d385e4a49e4945d2909a581c83647ca0290",
                "sha256:e10ce637b18caea04431ce14fabcf5c64a1c61ec9c56b071a4b7ca131ca52d44",
                "sha256:ec031d5d2feb36d1d1a24380e4db6d43695f3748343d99434e6f5f9156aaa2ed",
                "sha256:ef6107725bd54b262d6dedcc2af448a266975032bc85ef0172c5f059da6325b4",
                "sha256:efdca5630322a10774e8e98e1af481aad470dd62c3170801852d752aa7a783ba",
                "sha256:f753120cb8181e736c57ef7636e83f31b9c0d1722c516f7e86cf15b7aa57ff12",
                "sha256:ff3824dc5261f50c9b0dfb3be22b4567a6f938ccce4587b38952d85fd9e9afe4"
            ],
            "markers": "python_version >= '3.8'",
            "version": "==6.0.2"
        },
        "scipy": {
            "hashes": [
                "sha256:01edfac9f0798ad6b46d9c4c9ca0e0ad23dbf0b1eb70e96adb9fa7f525eff0bf",
                "sha256:03205d57a28e18dfd39f0377d5002725bf1f19a46f444108c29bdb246b6c8a11",
                "sha256:08b57a9336b8e79b305a143c3655cc5bdbe6d5ece3378578888d2afbb51c4e37",
                "sha256:11e7ad32cf184b74380f43d3c0a706f49358b904fa7d5345f16ddf993609184d",
                "sha256:28a0d2c2075946346e4408b211240764759e0fabaeb08d871639b5f3b1aca8a0",
                "sha256:2b871df1fe1a3ba85d90e22742b93584f8d2b8e6124f8372ab15c71b73e428b8",
                "sha256:302093e7dfb120e55515936cb55618ee0b895f8bcaf18ff81eca086c17bd80af",
                "sha256:42dabaaa798e987c425ed76062794e93a243be8f0f20fff6e7a89f4d61cb3d40",
                "sha256:447ce30cee6a9d5d1379087c9e474628dab3db4a67484be1b7dc3196bfb2fac9",
                "sha256:4c6676490ad76d1c2894d77f976144b41bd1a4052107902238047fb6a473e971",
                "sha256:54c462098484e7466362a9f1672d20888f724911a74c22ae35b61f9c5919183d",
                "sha256:597a0c7008b21c035831c39927406c6181bcf8f60a73f36219b69d010aa04737",
                "sha256:5a6fd6eac1ce74a9f77a7fc724080d507c5812d61e72bd5e4c489b042455865e",
                "sha256:5ea7ed46d437fc52350b028b1d44e002646e28f3e8ddc714011aaf87330f2f32",
                "sha256:601881dfb761311045b03114c5fe718a12634e5608c3b403737ae463c9885d53",
                "sha256:62ca1ff3eb513e09ed17a5736929429189adf16d2d740f44e53270cc800ecff1",
                "sha256:69ea6e56d00977f355c0f84eba69877b6df084516c602d93a33812aa04d90a3d",
                "sha256:6a8e34cf4c188b6dd004654f88586d78f95639e48a25dfae9c5e34a6dc34547e",
                "sha256:6d0194c37037707b2afa7a2f2a924cf7bac3dc292d51b6a925e5fcb89bc5c776",
                "sha256:6f223753c6ea76983af380787611ae1291e3ceb23917393079dcc746ba60cfb5",
                "sha256:6f5e296ec63c5da6ba6fa0343ea73fd51b8b3e1a300b0a8cae3ed4b1122c7462",
                "sha256:7cd5b77413e1855351cdde594eca99c1f4a588c2d63711388b6a1f1c01f62274",
                "sha256:869269b767d5ee7ea6991ed7e22b3ca1f22de73ab9a49c44bad338b725603301",
                "sha256:87994da02e73549dfecaed9e09a4f9d58a045a053865679aeb8d6d43747d4df3",
                "sha256:888307125ea0c4466287191e5606a2c910963405ce9671448ff9c81c53f85f58",
                "sha256:92233b2df6938147be6fa8824b8136f29a18f016ecde986666be5f4d686a91a4",
                "sha256:9412f5e408b397ff5641080ed1e798623dbe1ec0d78e72c9eca8992976fa65aa",
                "sha256:9b18aa747da280664642997e65aab1dd19d0c3d17068a04b3fe34e2559196cb9",
                "sha256:9de9d1416b3d9e7df9923ab23cd2fe714244af10b763975bea9e4f2e81cebd27",
                "sha256:a2ec871edaa863e8213ea5df811cd600734f6400b4af272e1c011e69401218e9",
                "sha256:a5080a79dfb9b78b768cebf3c9dcbc7b665c5875793569f48bf0e2b1d7f68f6f",
                "sha256:a8bf5cb4a25046ac61d38f8d3c3426ec11ebc350246a4642f2f315fe95bda655",
                "sha256:b09ae80010f52efddb15551025f9016c910296cf70adbf03ce2a8704f3a5ad20",
                "sha256:b5e025e903b4f166ea03b109bb241355b9c42c279ea694d8864d033727205e65",
                "sha256:bad78d580270a4d32470563ea86c6590b465cb98f83d760ff5b0990cb5518a93",
                "sha256:bae43364d600fdc3ac327db99659dcb79e6e7ecd279a75fe1266669d9a652828",
                "sha256:c4697a10da8f8765bb7c83e24a470da5797e37041edfd77fd95ba3811a47c4fd",
                "sha256:c90ebe8aaa4397eaefa8455a8182b164a6cc1d59ad53f79943f266d99f68687f",
                "sha256:cd58a314d92838f7e6f755c8a2167ead4f27e1fd5c1251fd54289569ef3495ec",
                "sha256:cf72ff559a53a6a6d77bd8eefd12a17995ffa44ad86c77a5df96f533d4e6c6bb",
                "sha256:def751dd08243934c884a3221156d63e15234a3155cf25978b0a668409d45eb6",
                "sha256:e7c68b6a43259ba0aab737237876e5c2c549a031ddb7abc28c7b47f22e202ded",
                "sha256:ecf797d2d798cf7c838c6d98321061eb3e72a74710e6c40540f0e8087e3b499e",
                "sha256:f031846580d9acccd0044efd1a90e6f4df3a6e12b4b6bd694a7bc03a89892b28",
                "sha256:fb530e4794fc8ea76a4a21ccb67dea33e5e0e60f07fc38a49e821e1eae3b71a0",
                "sha256:fe8a9eb875d430d81755472c5ba75e84acc980e4a8f6204d402849234d3017db"
            ],
            "index": "pypi",
            "markers": "python_version >= '3.10'",
            "version": "==1.15.2"
        },
        "sgp4": {
            "hashes": [
                "sha256:11c84e29891908d480dc008e9e5743720eed29ee00d6546a5851284b06d646af",
                "sha256:12c07e8a7ea6eed90bd4353940245adb6afe6de9f8325063fc07766978749d6e",
                "sha256:13133253c7e3f0f63472d42176e3387016ea337c36b7bc1b3a3dfc0c236620a1",
                "sha256:14322850988af17d75715bfdb3fa9fe9266fc6e1afe6d43e0eff9860034cd67b",
                "sha256:143f5089892bdca1d3683a032504164b7d1771e5f47a433fe014f674c22accab",
                "sha256:2765a9529f995160a3682b8111aa3b689fa643cb3ab9dfec47ab7afab0f6a3aa",
                "sha256:3315a3ef0a89de9d1a89da3a623130951856791c3284edb64bbda979d45c53e8",
                "sha256:418efa2b5d797107c4675a6d4f24f10855e11ed93e78d33651b7416564161839",
                "sha256:4f3c2e777ea5514093ad2799e04470c21f539da07fdfeb067645e0de7ded4888",
                "sha256:4ff1958f3380c120d2e89f92fb9182b9c5295ebb2eb79994855e7e1857973af4",
                "sha256:5655249f276ea23fbdae9e881ab01d82420285b45dc76d0da4f424e3647f8352",
                "sha256:6a8b09424ac89701ff87cce707224fea35713c17de4c5ae3c2947e21933efe3d",
                "sha256:784816ea55df243b22fde2aeef110d2084c4474f6a50d0ae6d5e35c7bd8466bf",
                "sha256:7b678e799f5a12cd4fd2a383319a0ff6e0a800bf11085b4c4f97aad984809b0a",
                "sha256:7e96c9fbb4025379bb4041497dd58a06d1d12bf7c84ff2faedadfb45a7b7c933",
                "sha256:831ff81d63e0224efa9809dbb2e6aaa630a3cf0fad6f147e0196a5b00e4f64a7",
                "sha256:8b4c526b1fc8571472256de0e808ed72b16b0aeb588498659935eb9c64f4f01b",
                "sha256:8c79a0aa347a0eb227f8ab9b0694410f71a4ed44d0facfc2a2a7dd08e48e212c",
                "sha256:9e7e17686f92b4da5b831265dc66f2e83583e638e5dfdaf0ba36fbcda6d0172e",
                "sha256:a2b286ea18b46164c193e61d2bda74d9931593c072c794855cba35c15620925f",
                "sha256:a6c5ebbbfd9ec7cc38d08aee6ec247d2ccaf31d71e3d262f5dd7a570b364170e",
                "sha256:abab42868b1ac61a35a7aa3fdd3ade86684fe9fe89c690450b3c68b759ab0413",
                "sha256:af76b4803deedc023768a344eccf264ed34288d244223293dd79e4506475df61",
                "sha256:b7b64069011e04ae7ab1d7b39ba60485688e8544bebe795fd1faa5938b0baaff",
                "sha256:b85ce3c0b4f9050c1e3702921e770518bc2a5c41941e66b052eaf7f6f90f744b",
                "sha256:b9fdfdffe317943269d11f5194ec819a2ffb5c6cdfc5128a266260266d0fb83f",
                "sha256:bac9c606feebeab2c7154b7b8e39a518b9d36359da41d54341eefe0088517322",
                "sha256:c38070609d4592c96dd6633151ae96ffa93f3e47d715203062c051f0dee7cb87",
                "sha256:c8113c329091f20e81eadf473f6db19454a4dc43538c80d3d5bc2023c428e06a",
                "sha256:d15e0b016702cc1c50f789d965c3a45323dc0b6eeb2f658fb4598c925cbb992d",
                "sha256:d7a20f62429c7dc11f6bcef93fe5f04d6c97f214c418382056ef117b8250ab02",
                "sha256:dc313d41a24783adcb31f4fbda034215d11cb56eadbf0dd262e760c6c1881692",
                "sha256:dd5a5ca01cb02c8b0a79d96d3439ac004fe22891abec9b6e08625fdb397c3357",
                "sha256:e12cbd32396b7bd3611266e823760d34eb76d3e6551ef45cb0e7d184daa4e582",
                "sha256:ecbff0d67496022580c7b6f05794a9db41ee9805d433203093464b4c7fe2991b",
                "sha256:f1063191f808d696ca6aaaf003ec766268a14e77eae253b06479cc2dc5eb09d2",
                "sha256:f2afc79e0206596868f509485339234e0d4426c0d69e281faa83d50bb8cf962e",
                "sha256:f4f5a84a9ddb1a434e55f2e23b0d80c3dc5feda7d1bdd77ee1c4cc1abd170010"
            ],
            "version": "==2.24"
        },
        "skyfield": {
            "hashes": [
                "sha256:7c9ef83b62377e4badc11ebfb3e41504ecbae747c939d168d06778ac519848aa",
                "sha256:afebb71a86ff1049885133120f9149a54ed2d8b38721307eeb0e0a93ca73aafc"
            ],
            "index": "pypi",
            "version": "==1.51"
        }
    },
    "develop": {}
}
